
Microsoft Visual Studio Solution File, Format Version 11.00
# Visual Studio 2010
Project("{FAE04EC0-301F-11D3-BF4B-00C04F79EFBC}") = "BAL", "Reference\BAL\BAL.csproj", "{A8E2F6A1-805E-4D6A-9D2E-FDBECBBB4C96}"
EndProject
Project("{2150E333-8FDC-42A3-9474-1A3956D46DE8}") = "Reference", "Reference", "{AA0E80A8-EBCE-46C1-90B3-A79F0059A567}"
EndProject
Project("{FAE04EC0-301F-11D3-BF4B-00C04F79EFBC}") = "DAL", "Reference\DAL\DAL.csproj", "{6B4CB7D9-D47A-4E67-8529-EA1B4A4E8AB8}"
EndProject
Project("{FAE04EC0-301F-11D3-BF4B-00C04F79EFBC}") = "MODEL", "Reference\MODEL\MODEL.csproj", "{DC12984F-5C1C-4EE2-A41B-1DAED06DBD49}"
EndProject
Project("{FAE04EC0-301F-11D3-BF4B-00C04F79EFBC}") = "Helper", "Reference\Helper\Helper.csproj", "{42579C9D-BB73-401E-81EF-AB02BB196370}"
EndProject
Project("{E24C65DC-7377-472B-9ABA-BC803B73C61A}") = "c-Shap_WebService", "c-Shap_WebService\", "{06E9CD1B-8497-4F0E-8914-9A7FB48CDA49}"
	ProjectSection(WebsiteProperties) = preProject
		TargetFrameworkMoniker = ".NETFramework,Version%3Dv4.0"
		Debug.AspNetCompiler.VirtualPath = "/c-Shap_WebService"
		Debug.AspNetCompiler.PhysicalPath = "c-Shap_WebService\"
		Debug.AspNetCompiler.TargetPath = "PrecompiledWeb\c-Shap_WebService\"
		Debug.AspNetCompiler.Updateable = "true"
		Debug.AspNetCompiler.ForceOverwrite = "true"
		Debug.AspNetCompiler.FixedNames = "false"
		Debug.AspNetCompiler.Debug = "True"
		Release.AspNetCompiler.VirtualPath = "/c-Shap_WebService"
		Release.AspNetCompiler.PhysicalPath = "c-Shap_WebService\"
		Release.AspNetCompiler.TargetPath = "PrecompiledWeb\c-Shap_WebService\"
		Release.AspNetCompiler.Updateable = "true"
		Release.AspNetCompiler.ForceOverwrite = "true"
		Release.AspNetCompiler.FixedNames = "false"
		Release.AspNetCompiler.Debug = "False"
		VWDPort = "3843"
	EndProjectSection
EndProject
Project("{FAE04EC0-301F-11D3-BF4B-00C04F79EFBC}") = "MvcWebAPI", "MvcWebAPI\MvcWebAPI.csproj", "{D2A7960B-87A3-433A-8705-3F0E515D5101}"
EndProject
Project("{2150E333-8FDC-42A3-9474-1A3956D46DE8}") = "Document", "Document", "{FBFBBE00-0E2C-4C4C-A0A4-626A1F0F5EE4}"
EndProject
Project("{FAE04EC0-301F-11D3-BF4B-00C04F79EFBC}") = "WcfService1", "WcfService1\WcfService1.csproj", "{1FB08189-9041-46D8-A10D-7EAA0327B2B9}"
EndProject
Global
	GlobalSection(SolutionConfigurationPlatforms) = preSolution
		Debug|Any CPU = Debug|Any CPU
		Release|Any CPU = Release|Any CPU
	EndGlobalSection
	GlobalSection(ProjectConfigurationPlatforms) = postSolution
		{A8E2F6A1-805E-4D6A-9D2E-FDBECBBB4C96}.Debug|Any CPU.ActiveCfg = Debug|Any CPU
		{A8E2F6A1-805E-4D6A-9D2E-FDBECBBB4C96}.Debug|Any CPU.Build.0 = Debug|Any CPU
		{A8E2F6A1-805E-4D6A-9D2E-FDBECBBB4C96}.Release|Any CPU.ActiveCfg = Release|Any CPU
		{A8E2F6A1-805E-4D6A-9D2E-FDBECBBB4C96}.Release|Any CPU.Build.0 = Release|Any CPU
		{6B4CB7D9-D47A-4E67-8529-EA1B4A4E8AB8}.Debug|Any CPU.ActiveCfg = Debug|Any CPU
		{6B4CB7D9-D47A-4E67-8529-EA1B4A4E8AB8}.Debug|Any CPU.Build.0 = Debug|Any CPU
		{6B4CB7D9-D47A-4E67-8529-EA1B4A4E8AB8}.Release|Any CPU.ActiveCfg = Release|Any CPU
		{6B4CB7D9-D47A-4E67-8529-EA1B4A4E8AB8}.Release|Any CPU.Build.0 = Release|Any CPU
		{DC12984F-5C1C-4EE2-A41B-1DAED06DBD49}.Debug|Any CPU.ActiveCfg = Debug|Any CPU
		{DC12984F-5C1C-4EE2-A41B-1DAED06DBD49}.Debug|Any CPU.Build.0 = Debug|Any CPU
		{DC12984F-5C1C-4EE2-A41B-1DAED06DBD49}.Release|Any CPU.ActiveCfg = Release|Any CPU
		{DC12984F-5C1C-4EE2-A41B-1DAED06DBD49}.Release|Any CPU.Build.0 = Release|Any CPU
		{42579C9D-BB73-401E-81EF-AB02BB196370}.Debug|Any CPU.ActiveCfg = Debug|Any CPU
		{42579C9D-BB73-401E-81EF-AB02BB196370}.Debug|Any CPU.Build.0 = Debug|Any CPU
		{42579C9D-BB73-401E-81EF-AB02BB196370}.Release|Any CPU.ActiveCfg = Release|Any CPU
		{42579C9D-BB73-401E-81EF-AB02BB196370}.Release|Any CPU.Build.0 = Release|Any CPU
		{06E9CD1B-8497-4F0E-8914-9A7FB48CDA49}.Debug|Any CPU.ActiveCfg = Debug|Any CPU
		{06E9CD1B-8497-4F0E-8914-9A7FB48CDA49}.Debug|Any CPU.Build.0 = Debug|Any CPU
		{06E9CD1B-8497-4F0E-8914-9A7FB48CDA49}.Release|Any CPU.ActiveCfg = Debug|Any CPU
		{06E9CD1B-8497-4F0E-8914-9A7FB48CDA49}.Release|Any CPU.Build.0 = Debug|Any CPU
		{D2A7960B-87A3-433A-8705-3F0E515D5101}.Debug|Any CPU.ActiveCfg = Debug|Any CPU
		{D2A7960B-87A3-433A-8705-3F0E515D5101}.Debug|Any CPU.Build.0 = Debug|Any CPU
		{D2A7960B-87A3-433A-8705-3F0E515D5101}.Release|Any CPU.ActiveCfg = Release|Any CPU
		{D2A7960B-87A3-433A-8705-3F0E515D5101}.Release|Any CPU.Build.0 = Release|Any CPU
		{1FB08189-9041-46D8-A10D-7EAA0327B2B9}.Debug|Any CPU.ActiveCfg = Debug|Any CPU
		{1FB08189-9041-46D8-A10D-7EAA0327B2B9}.Debug|Any CPU.Build.0 = Debug|Any CPU
		{1FB08189-9041-46D8-A10D-7EAA0327B2B9}.Release|Any CPU.ActiveCfg = Release|Any CPU
		{1FB08189-9041-46D8-A10D-7EAA0327B2B9}.Release|Any CPU.Build.0 = Release|Any CPU
	EndGlobalSection
	GlobalSection(SolutionProperties) = preSolution
		HideSolutionNode = FALSE
	EndGlobalSection
	GlobalSection(NestedProjects) = preSolution
		{A8E2F6A1-805E-4D6A-9D2E-FDBECBBB4C96} = {AA0E80A8-EBCE-46C1-90B3-A79F0059A567}
		{6B4CB7D9-D47A-4E67-8529-EA1B4A4E8AB8} = {AA0E80A8-EBCE-46C1-90B3-A79F0059A567}
		{DC12984F-5C1C-4EE2-A41B-1DAED06DBD49} = {AA0E80A8-EBCE-46C1-90B3-A79F0059A567}
		{42579C9D-BB73-401E-81EF-AB02BB196370} = {AA0E80A8-EBCE-46C1-90B3-A79F0059A567}
	EndGlobalSection
EndGlobal
